
Microsoft Visual Studio Solution File, Format Version 12.00
# Visual Studio 15
VisualStudioVersion = 15.0.28307.2092
MinimumVisualStudioVersion = 10.0.40219.1
Project("{FAE04EC0-301F-11D3-BF4B-00C04F79EFBC}") = "Enrollment System", "Enrollment System\Enrollment System.csproj", "{D1BE0A75-D423-4634-B37A-1470EB80216A}"
EndProject
Global
	GlobalSection(SolutionConfigurationPlatforms) = preSolution
		Debug|Any CPU = Debug|Any CPU
		Release|Any CPU = Release|Any CPU
	EndGlobalSection
	GlobalSection(ProjectConfigurationPlatforms) = postSolution
		{D1BE0A75-D423-4634-B37A-1470EB80216A}.Debug|Any CPU.ActiveCfg = Debug|Any CPU
		{D1BE0A75-D423-4634-B37A-1470EB80216A}.Debug|Any CPU.Build.0 = Debug|Any CPU
		{D1BE0A75-D423-4634-B37A-1470EB80216A}.Release|Any CPU.ActiveCfg = Release|Any CPU
		{D1BE0A75-D423-4634-B37A-1470EB80216A}.Release|Any CPU.Build.0 = Release|Any CPU
	EndGlobalSection
	GlobalSection(SolutionProperties) = preSolution
		HideSolutionNode = FALSE
	EndGlobalSection
	GlobalSection(ExtensibilityGlobals) = postSolution
		SolutionGuid = {FFA516F1-B619-479B-A165-D57D4367B584}
	EndGlobalSection
EndGlobal
